{
  "nodes": {
    "nixpkgs": {
      "locked": {
        "lastModified": 1618358082,
        "narHash": "sha256-4vyEiTcCk7hRigwcRqDAF86YQbUzALUNxyH8SLG4oeo=",
        "owner": "NixOS",
        "repo": "nixpkgs",
        "rev": "dec334fa196a4aeedb1b60d8f7d61aa00d327499",
        "type": "github"
      },
      "original": {
        "id": "nixpkgs",
        "ref": "nixos-20.09",
        "type": "indirect"
      }
    },
    "root": {
      "inputs": {
        "nixpkgs": "nixpkgs",
        "stork": "stork",
        "unstable": "unstable"
      }
    },
    "stork": {
      "flake": false,
      "locked": {
        "lastModified": 1613429407,
        "narHash": "sha256-pBJ9n1pQafXagQt9bnj4N1jriczr47QLtKiv+UjWgTg=",
        "owner": "jameslittle230",
        "repo": "stork",
        "rev": "3774bc56576dde244576dc3e2009ab1689822635",
        "type": "github"
      },
      "original": {
        "owner": "jameslittle230",
        "ref": "v1.1.0",
        "repo": "stork",
        "type": "github"
      }
    },
    "unstable": {
      "locked": {
        "lastModified": 1618306168,
        "narHash": "sha256-/IOtgzdEaiEqRVn6OhpekuYhRHfCm299Bqts5QqQVko=",
        "owner": "NixOS",
        "repo": "nixpkgs",
        "rev": "4c87cb87a2db6b9eb43541c1cf83f2a2f725fa25",
        "type": "github"
      },
      "original": {
        "id": "nixpkgs",
        "ref": "nixpkgs-unstable",
        "type": "indirect"
      }
    }
  },
  "root": "root",
  "version": 7
}
