{
  "nodes": {
    "add-stork": {
      "locked": {
        "lastModified": 1619061539,
        "narHash": "sha256-3oN5XmzYWgLzdDt3W5YnKCCFt8MXsxRQwTH6lrT7T60=",
        "owner": "chuahou",
        "repo": "nixpkgs",
        "rev": "a38eaf89c9fd1b73392cc0764ace35980fa5e18e",
        "type": "github"
      },
      "original": {
        "owner": "chuahou",
        "ref": "add-stork",
        "repo": "nixpkgs",
        "type": "github"
      }
    },
    "nixpkgs": {
      "locked": {
        "lastModified": 1618358082,
        "narHash": "sha256-4vyEiTcCk7hRigwcRqDAF86YQbUzALUNxyH8SLG4oeo=",
        "owner": "NixOS",
        "repo": "nixpkgs",
        "rev": "dec334fa196a4aeedb1b60d8f7d61aa00d327499",
        "type": "github"
      },
      "original": {
        "id": "nixpkgs",
        "ref": "nixos-20.09",
        "type": "indirect"
      }
    },
    "root": {
      "inputs": {
        "add-stork": "add-stork",
        "nixpkgs": "nixpkgs",
        "unstable": "unstable"
      }
    },
    "unstable": {
      "locked": {
        "lastModified": 1618306168,
        "narHash": "sha256-/IOtgzdEaiEqRVn6OhpekuYhRHfCm299Bqts5QqQVko=",
        "owner": "NixOS",
        "repo": "nixpkgs",
        "rev": "4c87cb87a2db6b9eb43541c1cf83f2a2f725fa25",
        "type": "github"
      },
      "original": {
        "id": "nixpkgs",
        "ref": "nixpkgs-unstable",
        "type": "indirect"
      }
    }
  },
  "root": "root",
  "version": 7
}
