{
  "nodes": {
    "add-stork": {
      "locked": {
        "lastModified": 1619063047,
        "narHash": "sha256-SlP/UQHyAGfyZiq9N0KotuZrjokkeJScNj9Z4xX9wc8=",
        "owner": "chuahou",
        "repo": "nixpkgs",
        "rev": "e334f125677e615bb720fb39b2418fcfc372a978",
        "type": "github"
      },
      "original": {
        "owner": "chuahou",
        "ref": "add-stork",
        "repo": "nixpkgs",
        "type": "github"
      }
    },
    "nixpkgs": {
      "locked": {
        "lastModified": 1619033779,
        "narHash": "sha256-opq3DqB/lNCR/1oUx8PkooAO3zRGcZLqp+BSuwy093Q=",
        "owner": "NixOS",
        "repo": "nixpkgs",
        "rev": "5c0e6a8c319dfeff5365615266de8522386d7e5d",
        "type": "github"
      },
      "original": {
        "id": "nixpkgs",
        "ref": "nixos-20.09",
        "type": "indirect"
      }
    },
    "root": {
      "inputs": {
        "add-stork": "add-stork",
        "nixpkgs": "nixpkgs",
        "unstable": "unstable"
      }
    },
    "unstable": {
      "locked": {
        "lastModified": 1619042025,
        "narHash": "sha256-LXB7u/Nej080M1cfpjy8GNz01pzO/gnJsLAswv60Hpo=",
        "owner": "NixOS",
        "repo": "nixpkgs",
        "rev": "f73da2880a93dc24e185297a6af747efdeac5f01",
        "type": "github"
      },
      "original": {
        "id": "nixpkgs",
        "ref": "nixpkgs-unstable",
        "type": "indirect"
      }
    }
  },
  "root": "root",
  "version": 7
}
